PODS:
  - Alamofire (4.3.0)
  - Argo (4.1.2):
    - Runes (>= 4.0.0)
  - Curry (3.0.0)
  - Keys (1.0.0)
  - OHHTTPStubs/Core (5.2.3)
  - OHHTTPStubs/JSON (5.2.3):
    - OHHTTPStubs/Core
  - OHHTTPStubs/NSURLSession (5.2.3):
    - OHHTTPStubs/Core
  - OHHTTPStubs/OHPathHelpers (5.2.3)
  - OHHTTPStubs/Swift (5.2.3):
    - OHHTTPStubs/Core
  - Runes (4.0.1)

DEPENDENCIES:
  - Alamofire
  - Argo
  - Curry
  - Keys (from `Pods/CocoaPodsKeys`)
  - OHHTTPStubs/Core
  - OHHTTPStubs/JSON
  - OHHTTPStubs/NSURLSession
  - OHHTTPStubs/OHPathHelpers
  - OHHTTPStubs/Swift
  - Runes

EXTERNAL SOURCES:
  Keys:
    :path: Pods/CocoaPodsKeys

SPEC CHECKSUMS:
  Alamofire: 856a113053a7bc9cbe5d6367a555d773fc5cfef7
  Argo: 5db06502fc1222d83011f574243089dab25202ff
  Curry: eb3d2c75aec678b3cc7fb2729d2ad6dd121531d1
  Keys: 9c35bf00f612ee1d48556f4a4b9b4551e224e90f
  OHHTTPStubs: e238cd5b66d8efa51c861db45895de8fe079f4a7
  Runes: ff20f163b478ac2c0e18158d6086fd5b1997f983

PODFILE CHECKSUM: 8fb9a21214668ecda889ee4a8993727f1dc59a83

COCOAPODS: 1.2.0
