PODS:
  - KIF (3.0.8):
    - KIF/XCTest (= 3.0.8)
  - KIF-Kiwi (0.2.2):
    - KIF (~> 3.0.7)
    - Kiwi (~> 2.3.0)
  - KIF/XCTest (3.0.8)
  - Kiwi (2.3.0)
  - OHHTTPStubs (3.1.6):
    - OHHTTPStubs/Core (= 3.1.6)
  - OHHTTPStubs/Core (3.1.6)

DEPENDENCIES:
  - KIF-Kiwi
  - Kiwi
  - OHHTTPStubs

SPEC CHECKSUMS:
  KIF: 2db5e8cf59136dd1267d49cca0d55883389b09d3
  KIF-Kiwi: 5e2a024188f5bb2103421a4935923d25d78eba66
  Kiwi: 54bece5b35564d9b8e03c608d926f1a22fcfc589
  OHHTTPStubs: 6781373b69e0a67b27239799f11764d0fbefac55

COCOAPODS: 0.35.0.rc1
