PODS:
  - Alamofire (5.0.0.beta.1)
  - SwiftLint (0.29.1)
  - Valet (3.2.2)

DEPENDENCIES:
  - Alamofire (~> 5.0.0.beta.1)
  - SwiftLint
  - Valet

SPEC REPOS:
  https://github.com/cocoapods/specs.git:
    - Alamofire
    - SwiftLint
    - Valet

SPEC CHECKSUMS:
  Alamofire: 2ef6d6c984c5d21c366e9b41a9ae7dfee2b67a44
  SwiftLint: 6772320e40b52049053a518c17db9b0634a0b45a
  Valet: 0babf5737029004185a7a009c1135f0c073011d1

PODFILE CHECKSUM: bd5a8d4908cc651339afae0e65df2d3236628e63

COCOAPODS: 1.6.0.beta.2
