{
  "object": {
    "pins": [
      {
        "package": "Alamofire",
        "repositoryURL": "https://github.com/Alamofire/Alamofire.git",
        "state": {
          "branch": "feature/initial-combine-support",
          "revision": "43f9ebf03413baf1782d7516b4f475f98723cd02",
          "version": null
        }
      },
      {
        "package": "Valet",
        "repositoryURL": "https://github.com/square/Valet.git",
        "state": {
          "branch": null,
          "revision": "0e3d9a9eb514310b1fcc93d79526278fc8b860fa",
          "version": "3.2.6"
        }
      }
    ]
  },
  "version": 1
}
