{
  "object": {
    "pins": [
      {
        "package": "Alamofire",
        "repositoryURL": "https://github.com/Alamofire/Alamofire.git",
        "state": {
          "branch": "feature/initial-combine-support",
          "revision": "e5549ad479f15662ba5874ac75c647bcdf9d1e59",
          "version": null
        }
      },
      {
        "package": "Valet",
        "repositoryURL": "https://github.com/square/Valet.git",
        "state": {
          "branch": "dfed--spm",
          "revision": "38fea7d4a2557a99e0b68327bd20deb09ecf467e",
          "version": null
        }
      }
    ]
  },
  "version": 1
}
