{
  "object": {
    "pins": [
      {
        "package": "Alamofire",
        "repositoryURL": "https://github.com/Alamofire/Alamofire.git",
        "state": {
          "branch": "feature/initial-combine-support",
          "revision": "94356d362d1dde8e615b2f620d8fbe4fbe652f28",
          "version": null
        }
      },
      {
        "package": "Valet",
        "repositoryURL": "https://github.com/square/Valet.git",
        "state": {
          "branch": "master",
          "revision": "0d3fb186e1b235e8c99bead4af5146afb9ca3ca1",
          "version": null
        }
      }
    ]
  },
  "version": 1
}
