// !$*UTF8*$!
{
	archiveVersion = 1;
	classes = {
	};
	objectVersion = 52;
	objects = {

/* Begin PBXBuildFile section */
		3104E5A322B2DAA3007679F7 /* AppDelegate.swift in Sources */ = {isa = PBXBuildFile; fileRef = 3104E5A222B2DAA3007679F7 /* AppDelegate.swift */; };
		3104E5A522B2DAA3007679F7 /* SceneDelegate.swift in Sources */ = {isa = PBXBuildFile; fileRef = 3104E5A422B2DAA3007679F7 /* SceneDelegate.swift */; };
		3104E5A722B2DAA3007679F7 /* ContentView.swift in Sources */ = {isa = PBXBuildFile; fileRef = 3104E5A622B2DAA3007679F7 /* ContentView.swift */; };
		3104E5A922B2DAA4007679F7 /* Assets.xcassets in Resources */ = {isa = PBXBuildFile; fileRef = 3104E5A822B2DAA4007679F7 /* Assets.xcassets */; };
		3104E5AC22B2DAA4007679F7 /* Preview Assets.xcassets in Resources */ = {isa = PBXBuildFile; fileRef = 3104E5AB22B2DAA4007679F7 /* Preview Assets.xcassets */; };
		3104E5AF22B2DAA4007679F7 /* LaunchScreen.storyboard in Resources */ = {isa = PBXBuildFile; fileRef = 3104E5AD22B2DAA4007679F7 /* LaunchScreen.storyboard */; };
		3104E5BA22B2DAA4007679F7 /* HazeLightTests.swift in Sources */ = {isa = PBXBuildFile; fileRef = 3104E5B922B2DAA4007679F7 /* HazeLightTests.swift */; };
		3104E5C522B2DAA4007679F7 /* HazeLightUITests.swift in Sources */ = {isa = PBXBuildFile; fileRef = 3104E5C422B2DAA4007679F7 /* HazeLightUITests.swift */; };
		3191817B22B2DDDB00BFEFBC /* Valet in Frameworks */ = {isa = PBXBuildFile; productRef = 3191817A22B2DDDB00BFEFBC /* Valet */; };
		3191817E22B2DE2F00BFEFBC /* Alamofire in Frameworks */ = {isa = PBXBuildFile; productRef = 3191817D22B2DE2F00BFEFBC /* Alamofire */; };
/* End PBXBuildFile section */

/* Begin PBXContainerItemProxy section */
		3104E5B622B2DAA4007679F7 /* PBXContainerItemProxy */ = {
			isa = PBXContainerItemProxy;
			containerPortal = 3104E59722B2DAA3007679F7 /* Project object */;
			proxyType = 1;
			remoteGlobalIDString = 3104E59E22B2DAA3007679F7;
			remoteInfo = HazeLight;
		};
		3104E5C122B2DAA4007679F7 /* PBXContainerItemProxy */ = {
			isa = PBXContainerItemProxy;
			containerPortal = 3104E59722B2DAA3007679F7 /* Project object */;
			proxyType = 1;
			remoteGlobalIDString = 3104E59E22B2DAA3007679F7;
			remoteInfo = HazeLight;
		};
/* End PBXContainerItemProxy section */

/* Begin PBXFileReference section */
		3104E59F22B2DAA3007679F7 /* HazeLight.app */ = {isa = PBXFileReference; explicitFileType = wrapper.application; includeInIndex = 0; path = HazeLight.app; sourceTree = BUILT_PRODUCTS_DIR; };
		3104E5A222B2DAA3007679F7 /* AppDelegate.swift */ = {isa = PBXFileReference; lastKnownFileType = sourcecode.swift; path = AppDelegate.swift; sourceTree = "<group>"; };
		3104E5A422B2DAA3007679F7 /* SceneDelegate.swift */ = {isa = PBXFileReference; lastKnownFileType = sourcecode.swift; path = SceneDelegate.swift; sourceTree = "<group>"; };
		3104E5A622B2DAA3007679F7 /* ContentView.swift */ = {isa = PBXFileReference; lastKnownFileType = sourcecode.swift; path = ContentView.swift; sourceTree = "<group>"; };
		3104E5A822B2DAA4007679F7 /* Assets.xcassets */ = {isa = PBXFileReference; lastKnownFileType = folder.assetcatalog; path = Assets.xcassets; sourceTree = "<group>"; };
		3104E5AB22B2DAA4007679F7 /* Preview Assets.xcassets */ = {isa = PBXFileReference; lastKnownFileType = folder.assetcatalog; path = "Preview Assets.xcassets"; sourceTree = "<group>"; };
		3104E5AE22B2DAA4007679F7 /* Base */ = {isa = PBXFileReference; lastKnownFileType = file.storyboard; name = Base; path = Base.lproj/LaunchScreen.storyboard; sourceTree = "<group>"; };
		3104E5B022B2DAA4007679F7 /* Info.plist */ = {isa = PBXFileReference; lastKnownFileType = text.plist.xml; path = Info.plist; sourceTree = "<group>"; };
		3104E5B522B2DAA4007679F7 /* HazeLightTests.xctest */ = {isa = PBXFileReference; explicitFileType = wrapper.cfbundle; includeInIndex = 0; path = HazeLightTests.xctest; sourceTree = BUILT_PRODUCTS_DIR; };
		3104E5B922B2DAA4007679F7 /* HazeLightTests.swift */ = {isa = PBXFileReference; lastKnownFileType = sourcecode.swift; path = HazeLightTests.swift; sourceTree = "<group>"; };
		3104E5BB22B2DAA4007679F7 /* Info.plist */ = {isa = PBXFileReference; lastKnownFileType = text.plist.xml; path = Info.plist; sourceTree = "<group>"; };
		3104E5C022B2DAA4007679F7 /* HazeLightUITests.xctest */ = {isa = PBXFileReference; explicitFileType = wrapper.cfbundle; includeInIndex = 0; path = HazeLightUITests.xctest; sourceTree = BUILT_PRODUCTS_DIR; };
		3104E5C422B2DAA4007679F7 /* HazeLightUITests.swift */ = {isa = PBXFileReference; lastKnownFileType = sourcecode.swift; path = HazeLightUITests.swift; sourceTree = "<group>"; };
		3104E5C622B2DAA4007679F7 /* Info.plist */ = {isa = PBXFileReference; lastKnownFileType = text.plist.xml; path = Info.plist; sourceTree = "<group>"; };
/* End PBXFileReference section */

/* Begin PBXFrameworksBuildPhase section */
		3104E59C22B2DAA3007679F7 /* Frameworks */ = {
			isa = PBXFrameworksBuildPhase;
			buildActionMask = 2147483647;
			files = (
				3191817B22B2DDDB00BFEFBC /* Valet in Frameworks */,
				3191817E22B2DE2F00BFEFBC /* Alamofire in Frameworks */,
			);
			runOnlyForDeploymentPostprocessing = 0;
		};
		3104E5B222B2DAA4007679F7 /* Frameworks */ = {
			isa = PBXFrameworksBuildPhase;
			buildActionMask = 2147483647;
			files = (
			);
			runOnlyForDeploymentPostprocessing = 0;
		};
		3104E5BD22B2DAA4007679F7 /* Frameworks */ = {
			isa = PBXFrameworksBuildPhase;
			buildActionMask = 2147483647;
			files = (
			);
			runOnlyForDeploymentPostprocessing = 0;
		};
/* End PBXFrameworksBuildPhase section */

/* Begin PBXGroup section */
		3104E59622B2DAA3007679F7 = {
			isa = PBXGroup;
			children = (
				3104E5A122B2DAA3007679F7 /* HazeLight */,
				3104E5B822B2DAA4007679F7 /* HazeLightTests */,
				3104E5C322B2DAA4007679F7 /* HazeLightUITests */,
				3104E5A022B2DAA3007679F7 /* Products */,
			);
			sourceTree = "<group>";
		};
		3104E5A022B2DAA3007679F7 /* Products */ = {
			isa = PBXGroup;
			children = (
				3104E59F22B2DAA3007679F7 /* HazeLight.app */,
				3104E5B522B2DAA4007679F7 /* HazeLightTests.xctest */,
				3104E5C022B2DAA4007679F7 /* HazeLightUITests.xctest */,
			);
			name = Products;
			sourceTree = "<group>";
		};
		3104E5A122B2DAA3007679F7 /* HazeLight */ = {
			isa = PBXGroup;
			children = (
				3104E5A222B2DAA3007679F7 /* AppDelegate.swift */,
				3104E5A422B2DAA3007679F7 /* SceneDelegate.swift */,
				3104E5A622B2DAA3007679F7 /* ContentView.swift */,
				3104E5A822B2DAA4007679F7 /* Assets.xcassets */,
				3104E5AD22B2DAA4007679F7 /* LaunchScreen.storyboard */,
				3104E5B022B2DAA4007679F7 /* Info.plist */,
				3104E5AA22B2DAA4007679F7 /* Preview Content */,
			);
			path = HazeLight;
			sourceTree = "<group>";
		};
		3104E5AA22B2DAA4007679F7 /* Preview Content */ = {
			isa = PBXGroup;
			children = (
				3104E5AB22B2DAA4007679F7 /* Preview Assets.xcassets */,
			);
			path = "Preview Content";
			sourceTree = "<group>";
		};
		3104E5B822B2DAA4007679F7 /* HazeLightTests */ = {
			isa = PBXGroup;
			children = (
				3104E5B922B2DAA4007679F7 /* HazeLightTests.swift */,
				3104E5BB22B2DAA4007679F7 /* Info.plist */,
			);
			path = HazeLightTests;
			sourceTree = "<group>";
		};
		3104E5C322B2DAA4007679F7 /* HazeLightUITests */ = {
			isa = PBXGroup;
			children = (
				3104E5C422B2DAA4007679F7 /* HazeLightUITests.swift */,
				3104E5C622B2DAA4007679F7 /* Info.plist */,
			);
			path = HazeLightUITests;
			sourceTree = "<group>";
		};
/* End PBXGroup section */

/* Begin PBXNativeTarget section */
		3104E59E22B2DAA3007679F7 /* HazeLight */ = {
			isa = PBXNativeTarget;
			buildConfigurationList = 3104E5C922B2DAA4007679F7 /* Build configuration list for PBXNativeTarget "HazeLight" */;
			buildPhases = (
				3104E59B22B2DAA3007679F7 /* Sources */,
				3104E59C22B2DAA3007679F7 /* Frameworks */,
				3104E59D22B2DAA3007679F7 /* Resources */,
			);
			buildRules = (
			);
			dependencies = (
			);
			name = HazeLight;
			packageProductDependencies = (
				3191817A22B2DDDB00BFEFBC /* Valet */,
				3191817D22B2DE2F00BFEFBC /* Alamofire */,
			);
			productName = HazeLight;
			productReference = 3104E59F22B2DAA3007679F7 /* HazeLight.app */;
			productType = "com.apple.product-type.application";
		};
		3104E5B422B2DAA4007679F7 /* HazeLightTests */ = {
			isa = PBXNativeTarget;
			buildConfigurationList = 3104E5CC22B2DAA4007679F7 /* Build configuration list for PBXNativeTarget "HazeLightTests" */;
			buildPhases = (
				3104E5B122B2DAA4007679F7 /* Sources */,
				3104E5B222B2DAA4007679F7 /* Frameworks */,
				3104E5B322B2DAA4007679F7 /* Resources */,
			);
			buildRules = (
			);
			dependencies = (
				3104E5B722B2DAA4007679F7 /* PBXTargetDependency */,
			);
			name = HazeLightTests;
			productName = HazeLightTests;
			productReference = 3104E5B522B2DAA4007679F7 /* HazeLightTests.xctest */;
			productType = "com.apple.product-type.bundle.unit-test";
		};
		3104E5BF22B2DAA4007679F7 /* HazeLightUITests */ = {
			isa = PBXNativeTarget;
			buildConfigurationList = 3104E5CF22B2DAA4007679F7 /* Build configuration list for PBXNativeTarget "HazeLightUITests" */;
			buildPhases = (
				3104E5BC22B2DAA4007679F7 /* Sources */,
				3104E5BD22B2DAA4007679F7 /* Frameworks */,
				3104E5BE22B2DAA4007679F7 /* Resources */,
			);
			buildRules = (
			);
			dependencies = (
				3104E5C222B2DAA4007679F7 /* PBXTargetDependency */,
			);
			name = HazeLightUITests;
			productName = HazeLightUITests;
			productReference = 3104E5C022B2DAA4007679F7 /* HazeLightUITests.xctest */;
			productType = "com.apple.product-type.bundle.ui-testing";
		};
/* End PBXNativeTarget section */

/* Begin PBXProject section */
		3104E59722B2DAA3007679F7 /* Project object */ = {
			isa = PBXProject;
			attributes = {
				LastSwiftUpdateCheck = 1100;
				LastUpgradeCheck = 1100;
				ORGANIZATIONNAME = "Jon Shier";
				TargetAttributes = {
					3104E59E22B2DAA3007679F7 = {
						CreatedOnToolsVersion = 11.0;
					};
					3104E5B422B2DAA4007679F7 = {
						CreatedOnToolsVersion = 11.0;
						TestTargetID = 3104E59E22B2DAA3007679F7;
					};
					3104E5BF22B2DAA4007679F7 = {
						CreatedOnToolsVersion = 11.0;
						TestTargetID = 3104E59E22B2DAA3007679F7;
					};
				};
			};
			buildConfigurationList = 3104E59A22B2DAA3007679F7 /* Build configuration list for PBXProject "HazeLight" */;
			compatibilityVersion = "Xcode 9.3";
			developmentRegion = en;
			hasScannedForEncodings = 0;
			knownRegions = (
				en,
				Base,
			);
			mainGroup = 3104E59622B2DAA3007679F7;
			packageReferences = (
				3191817922B2DDDB00BFEFBC /* XCRemoteSwiftPackageReference "Valet" */,
				3191817C22B2DE2F00BFEFBC /* XCRemoteSwiftPackageReference "Alamofire" */,
			);
			productRefGroup = 3104E5A022B2DAA3007679F7 /* Products */;
			projectDirPath = "";
			projectRoot = "";
			targets = (
				3104E59E22B2DAA3007679F7 /* HazeLight */,
				3104E5B422B2DAA4007679F7 /* HazeLightTests */,
				3104E5BF22B2DAA4007679F7 /* HazeLightUITests */,
			);
		};
/* End PBXProject section */

/* Begin PBXResourcesBuildPhase section */
		3104E59D22B2DAA3007679F7 /* Resources */ = {
			isa = PBXResourcesBuildPhase;
			buildActionMask = 2147483647;
			files = (
				3104E5AF22B2DAA4007679F7 /* LaunchScreen.storyboard in Resources */,
				3104E5AC22B2DAA4007679F7 /* Preview Assets.xcassets in Resources */,
				3104E5A922B2DAA4007679F7 /* Assets.xcassets in Resources */,
			);
			runOnlyForDeploymentPostprocessing = 0;
		};
		3104E5B322B2DAA4007679F7 /* Resources */ = {
			isa = PBXResourcesBuildPhase;
			buildActionMask = 2147483647;
			files = (
			);
			runOnlyForDeploymentPostprocessing = 0;
		};
		3104E5BE22B2DAA4007679F7 /* Resources */ = {
			isa = PBXResourcesBuildPhase;
			buildActionMask = 2147483647;
			files = (
			);
			runOnlyForDeploymentPostprocessing = 0;
		};
/* End PBXResourcesBuildPhase section */

/* Begin PBXSourcesBuildPhase section */
		3104E59B22B2DAA3007679F7 /* Sources */ = {
			isa = PBXSourcesBuildPhase;
			buildActionMask = 2147483647;
			files = (
				3104E5A322B2DAA3007679F7 /* AppDelegate.swift in Sources */,
				3104E5A522B2DAA3007679F7 /* SceneDelegate.swift in Sources */,
				3104E5A722B2DAA3007679F7 /* ContentView.swift in Sources */,
			);
			runOnlyForDeploymentPostprocessing = 0;
		};
		3104E5B122B2DAA4007679F7 /* Sources */ = {
			isa = PBXSourcesBuildPhase;
			buildActionMask = 2147483647;
			files = (
				3104E5BA22B2DAA4007679F7 /* HazeLightTests.swift in Sources */,
			);
			runOnlyForDeploymentPostprocessing = 0;
		};
		3104E5BC22B2DAA4007679F7 /* Sources */ = {
			isa = PBXSourcesBuildPhase;
			buildActionMask = 2147483647;
			files = (
				3104E5C522B2DAA4007679F7 /* HazeLightUITests.swift in Sources */,
			);
			runOnlyForDeploymentPostprocessing = 0;
		};
/* End PBXSourcesBuildPhase section */

/* Begin PBXTargetDependency section */
		3104E5B722B2DAA4007679F7 /* PBXTargetDependency */ = {
			isa = PBXTargetDependency;
			target = 3104E59E22B2DAA3007679F7 /* HazeLight */;
			targetProxy = 3104E5B622B2DAA4007679F7 /* PBXContainerItemProxy */;
		};
		3104E5C222B2DAA4007679F7 /* PBXTargetDependency */ = {
			isa = PBXTargetDependency;
			target = 3104E59E22B2DAA3007679F7 /* HazeLight */;
			targetProxy = 3104E5C122B2DAA4007679F7 /* PBXContainerItemProxy */;
		};
/* End PBXTargetDependency section */

/* Begin PBXVariantGroup section */
		3104E5AD22B2DAA4007679F7 /* LaunchScreen.storyboard */ = {
			isa = PBXVariantGroup;
			children = (
				3104E5AE22B2DAA4007679F7 /* Base */,
			);
			name = LaunchScreen.storyboard;
			sourceTree = "<group>";
		};
/* End PBXVariantGroup section */

/* Begin XCBuildConfiguration section */
		3104E5C722B2DAA4007679F7 /* Debug */ = {
			isa = XCBuildConfiguration;
			buildSettings = {
				ALWAYS_SEARCH_USER_PATHS = NO;
				CLANG_ANALYZER_NONNULL = YES;
				CLANG_ANALYZER_NUMBER_OBJECT_CONVERSION = YES_AGGRESSIVE;
				CLANG_CXX_LANGUAGE_STANDARD = "gnu++14";
				CLANG_CXX_LIBRARY = "libc++";
				CLANG_ENABLE_MODULES = YES;
				CLANG_ENABLE_OBJC_ARC = YES;
				CLANG_ENABLE_OBJC_WEAK = YES;
				CLANG_WARN_BLOCK_CAPTURE_AUTORELEASING = YES;
				CLANG_WARN_BOOL_CONVERSION = YES;
				CLANG_WARN_COMMA = YES;
				CLANG_WARN_CONSTANT_CONVERSION = YES;
				CLANG_WARN_DEPRECATED_OBJC_IMPLEMENTATIONS = YES;
				CLANG_WARN_DIRECT_OBJC_ISA_USAGE = YES_ERROR;
				CLANG_WARN_DOCUMENTATION_COMMENTS = YES;
				CLANG_WARN_EMPTY_BODY = YES;
				CLANG_WARN_ENUM_CONVERSION = YES;
				CLANG_WARN_INFINITE_RECURSION = YES;
				CLANG_WARN_INT_CONVERSION = YES;
				CLANG_WARN_NON_LITERAL_NULL_CONVERSION = YES;
				CLANG_WARN_OBJC_IMPLICIT_RETAIN_SELF = YES;
				CLANG_WARN_OBJC_LITERAL_CONVERSION = YES;
				CLANG_WARN_OBJC_ROOT_CLASS = YES_ERROR;
				CLANG_WARN_RANGE_LOOP_ANALYSIS = YES;
				CLANG_WARN_STRICT_PROTOTYPES = YES;
				CLANG_WARN_SUSPICIOUS_MOVE = YES;
				CLANG_WARN_UNGUARDED_AVAILABILITY = YES_AGGRESSIVE;
				CLANG_WARN_UNREACHABLE_CODE = YES;
				CLANG_WARN__DUPLICATE_METHOD_MATCH = YES;
				COPY_PHASE_STRIP = NO;
				DEBUG_INFORMATION_FORMAT = dwarf;
				ENABLE_STRICT_OBJC_MSGSEND = YES;
				ENABLE_TESTABILITY = YES;
				GCC_C_LANGUAGE_STANDARD = gnu11;
				GCC_DYNAMIC_NO_PIC = NO;
				GCC_NO_COMMON_BLOCKS = YES;
				GCC_OPTIMIZATION_LEVEL = 0;
				GCC_PREPROCESSOR_DEFINITIONS = (
					"DEBUG=1",
					"$(inherited)",
				);
				GCC_WARN_64_TO_32_BIT_CONVERSION = YES;
				GCC_WARN_ABOUT_RETURN_TYPE = YES_ERROR;
				GCC_WARN_UNDECLARED_SELECTOR = YES;
				GCC_WARN_UNINITIALIZED_AUTOS = YES_AGGRESSIVE;
				GCC_WARN_UNUSED_FUNCTION = YES;
				GCC_WARN_UNUSED_VARIABLE = YES;
				IPHONEOS_DEPLOYMENT_TARGET = 13.0;
				MTL_ENABLE_DEBUG_INFO = INCLUDE_SOURCE;
				MTL_FAST_MATH = YES;
				ONLY_ACTIVE_ARCH = YES;
				SDKROOT = iphoneos;
				SWIFT_ACTIVE_COMPILATION_CONDITIONS = DEBUG;
				SWIFT_OPTIMIZATION_LEVEL = "-Onone";
			};
			name = Debug;
		};
		3104E5C822B2DAA4007679F7 /* Release */ = {
			isa = XCBuildConfiguration;
			buildSettings = {
				ALWAYS_SEARCH_USER_PATHS = NO;
				CLANG_ANALYZER_NONNULL = YES;
				CLANG_ANALYZER_NUMBER_OBJECT_CONVERSION = YES_AGGRESSIVE;
				CLANG_CXX_LANGUAGE_STANDARD = "gnu++14";
				CLANG_CXX_LIBRARY = "libc++";
				CLANG_ENABLE_MODULES = YES;
				CLANG_ENABLE_OBJC_ARC = YES;
				CLANG_ENABLE_OBJC_WEAK = YES;
				CLANG_WARN_BLOCK_CAPTURE_AUTORELEASING = YES;
				CLANG_WARN_BOOL_CONVERSION = YES;
				CLANG_WARN_COMMA = YES;
				CLANG_WARN_CONSTANT_CONVERSION = YES;
				CLANG_WARN_DEPRECATED_OBJC_IMPLEMENTATIONS = YES;
				CLANG_WARN_DIRECT_OBJC_ISA_USAGE = YES_ERROR;
				CLANG_WARN_DOCUMENTATION_COMMENTS = YES;
				CLANG_WARN_EMPTY_BODY = YES;
				CLANG_WARN_ENUM_CONVERSION = YES;
				CLANG_WARN_INFINITE_RECURSION = YES;
				CLANG_WARN_INT_CONVERSION = YES;
				CLANG_WARN_NON_LITERAL_NULL_CONVERSION = YES;
				CLANG_WARN_OBJC_IMPLICIT_RETAIN_SELF = YES;
				CLANG_WARN_OBJC_LITERAL_CONVERSION = YES;
				CLANG_WARN_OBJC_ROOT_CLASS = YES_ERROR;
				CLANG_WARN_RANGE_LOOP_ANALYSIS = YES;
				CLANG_WARN_STRICT_PROTOTYPES = YES;
				CLANG_WARN_SUSPICIOUS_MOVE = YES;
				CLANG_WARN_UNGUARDED_AVAILABILITY = YES_AGGRESSIVE;
				CLANG_WARN_UNREACHABLE_CODE = YES;
				CLANG_WARN__DUPLICATE_METHOD_MATCH = YES;
				COPY_PHASE_STRIP = NO;
				DEBUG_INFORMATION_FORMAT = "dwarf-with-dsym";
				ENABLE_NS_ASSERTIONS = NO;
				ENABLE_STRICT_OBJC_MSGSEND = YES;
				GCC_C_LANGUAGE_STANDARD = gnu11;
				GCC_NO_COMMON_BLOCKS = YES;
				GCC_WARN_64_TO_32_BIT_CONVERSION = YES;
				GCC_WARN_ABOUT_RETURN_TYPE = YES_ERROR;
				GCC_WARN_UNDECLARED_SELECTOR = YES;
				GCC_WARN_UNINITIALIZED_AUTOS = YES_AGGRESSIVE;
				GCC_WARN_UNUSED_FUNCTION = YES;
				GCC_WARN_UNUSED_VARIABLE = YES;
				IPHONEOS_DEPLOYMENT_TARGET = 13.0;
				MTL_ENABLE_DEBUG_INFO = NO;
				MTL_FAST_MATH = YES;
				SDKROOT = iphoneos;
				SWIFT_COMPILATION_MODE = wholemodule;
				SWIFT_OPTIMIZATION_LEVEL = "-O";
				VALIDATE_PRODUCT = YES;
			};
			name = Release;
		};
		3104E5CA22B2DAA4007679F7 /* Debug */ = {
			isa = XCBuildConfiguration;
			buildSettings = {
				ASSETCATALOG_COMPILER_APPICON_NAME = AppIcon;
				CODE_SIGN_STYLE = Automatic;
				DEVELOPMENT_ASSET_PATHS = "HazeLight/Preview\\ Content";
				DEVELOPMENT_TEAM = 555RUP2XT7;
				ENABLE_PREVIEWS = YES;
				INFOPLIST_FILE = HazeLight/Info.plist;
				LD_RUNPATH_SEARCH_PATHS = (
					"$(inherited)",
					"@executable_path/Frameworks",
				);
				PRODUCT_BUNDLE_IDENTIFIER = com.jonshier.HazeLight;
				PRODUCT_NAME = "$(TARGET_NAME)";
				SWIFT_VERSION = 5.0;
				TARGETED_DEVICE_FAMILY = "1,2";
			};
			name = Debug;
		};
		3104E5CB22B2DAA4007679F7 /* Release */ = {
			isa = XCBuildConfiguration;
			buildSettings = {
				ASSETCATALOG_COMPILER_APPICON_NAME = AppIcon;
				CODE_SIGN_STYLE = Automatic;
				DEVELOPMENT_ASSET_PATHS = "HazeLight/Preview\\ Content";
				DEVELOPMENT_TEAM = 555RUP2XT7;
				ENABLE_PREVIEWS = YES;
				INFOPLIST_FILE = HazeLight/Info.plist;
				LD_RUNPATH_SEARCH_PATHS = (
					"$(inherited)",
					"@executable_path/Frameworks",
				);
				PRODUCT_BUNDLE_IDENTIFIER = com.jonshier.HazeLight;
				PRODUCT_NAME = "$(TARGET_NAME)";
				SWIFT_VERSION = 5.0;
				TARGETED_DEVICE_FAMILY = "1,2";
			};
			name = Release;
		};
		3104E5CD22B2DAA4007679F7 /* Debug */ = {
			isa = XCBuildConfiguration;
			buildSettings = {
				ALWAYS_EMBED_SWIFT_STANDARD_LIBRARIES = YES;
				BUNDLE_LOADER = "$(TEST_HOST)";
				CODE_SIGN_STYLE = Automatic;
				DEVELOPMENT_TEAM = 555RUP2XT7;
				INFOPLIST_FILE = HazeLightTests/Info.plist;
				LD_RUNPATH_SEARCH_PATHS = (
					"$(inherited)",
					"@executable_path/Frameworks",
					"@loader_path/Frameworks",
				);
				PRODUCT_BUNDLE_IDENTIFIER = com.jonshier.HazeLightTests;
				PRODUCT_NAME = "$(TARGET_NAME)";
				SWIFT_VERSION = 5.0;
				TARGETED_DEVICE_FAMILY = "1,2";
				TEST_HOST = "$(BUILT_PRODUCTS_DIR)/HazeLight.app/HazeLight";
			};
			name = Debug;
		};
		3104E5CE22B2DAA4007679F7 /* Release */ = {
			isa = XCBuildConfiguration;
			buildSettings = {
				ALWAYS_EMBED_SWIFT_STANDARD_LIBRARIES = YES;
				BUNDLE_LOADER = "$(TEST_HOST)";
				CODE_SIGN_STYLE = Automatic;
				DEVELOPMENT_TEAM = 555RUP2XT7;
				INFOPLIST_FILE = HazeLightTests/Info.plist;
				LD_RUNPATH_SEARCH_PATHS = (
					"$(inherited)",
					"@executable_path/Frameworks",
					"@loader_path/Frameworks",
				);
				PRODUCT_BUNDLE_IDENTIFIER = com.jonshier.HazeLightTests;
				PRODUCT_NAME = "$(TARGET_NAME)";
				SWIFT_VERSION = 5.0;
				TARGETED_DEVICE_FAMILY = "1,2";
				TEST_HOST = "$(BUILT_PRODUCTS_DIR)/HazeLight.app/HazeLight";
			};
			name = Release;
		};
		3104E5D022B2DAA4007679F7 /* Debug */ = {
			isa = XCBuildConfiguration;
			buildSettings = {
				ALWAYS_EMBED_SWIFT_STANDARD_LIBRARIES = YES;
				CODE_SIGN_STYLE = Automatic;
				DEVELOPMENT_TEAM = 555RUP2XT7;
				INFOPLIST_FILE = HazeLightUITests/Info.plist;
				LD_RUNPATH_SEARCH_PATHS = (
					"$(inherited)",
					"@executable_path/Frameworks",
					"@loader_path/Frameworks",
				);
				PRODUCT_BUNDLE_IDENTIFIER = com.jonshier.HazeLightUITests;
				PRODUCT_NAME = "$(TARGET_NAME)";
				SWIFT_VERSION = 5.0;
				TARGETED_DEVICE_FAMILY = "1,2";
				TEST_TARGET_NAME = HazeLight;
			};
			name = Debug;
		};
		3104E5D122B2DAA4007679F7 /* Release */ = {
			isa = XCBuildConfiguration;
			buildSettings = {
				ALWAYS_EMBED_SWIFT_STANDARD_LIBRARIES = YES;
				CODE_SIGN_STYLE = Automatic;
				DEVELOPMENT_TEAM = 555RUP2XT7;
				INFOPLIST_FILE = HazeLightUITests/Info.plist;
				LD_RUNPATH_SEARCH_PATHS = (
					"$(inherited)",
					"@executable_path/Frameworks",
					"@loader_path/Frameworks",
				);
				PRODUCT_BUNDLE_IDENTIFIER = com.jonshier.HazeLightUITests;
				PRODUCT_NAME = "$(TARGET_NAME)";
				SWIFT_VERSION = 5.0;
				TARGETED_DEVICE_FAMILY = "1,2";
				TEST_TARGET_NAME = HazeLight;
			};
			name = Release;
		};
/* End XCBuildConfiguration section */

/* Begin XCConfigurationList section */
		3104E59A22B2DAA3007679F7 /* Build configuration list for PBXProject "HazeLight" */ = {
			isa = XCConfigurationList;
			buildConfigurations = (
				3104E5C722B2DAA4007679F7 /* Debug */,
				3104E5C822B2DAA4007679F7 /* Release */,
			);
			defaultConfigurationIsVisible = 0;
			defaultConfigurationName = Release;
		};
		3104E5C922B2DAA4007679F7 /* Build configuration list for PBXNativeTarget "HazeLight" */ = {
			isa = XCConfigurationList;
			buildConfigurations = (
				3104E5CA22B2DAA4007679F7 /* Debug */,
				3104E5CB22B2DAA4007679F7 /* Release */,
			);
			defaultConfigurationIsVisible = 0;
			defaultConfigurationName = Release;
		};
		3104E5CC22B2DAA4007679F7 /* Build configuration list for PBXNativeTarget "HazeLightTests" */ = {
			isa = XCConfigurationList;
			buildConfigurations = (
				3104E5CD22B2DAA4007679F7 /* Debug */,
				3104E5CE22B2DAA4007679F7 /* Release */,
			);
			defaultConfigurationIsVisible = 0;
			defaultConfigurationName = Release;
		};
		3104E5CF22B2DAA4007679F7 /* Build configuration list for PBXNativeTarget "HazeLightUITests" */ = {
			isa = XCConfigurationList;
			buildConfigurations = (
				3104E5D022B2DAA4007679F7 /* Debug */,
				3104E5D122B2DAA4007679F7 /* Release */,
			);
			defaultConfigurationIsVisible = 0;
			defaultConfigurationName = Release;
		};
/* End XCConfigurationList section */

/* Begin XCRemoteSwiftPackageReference section */
		3191817922B2DDDB00BFEFBC /* XCRemoteSwiftPackageReference "Valet" */ = {
			isa = XCRemoteSwiftPackageReference;
			repositoryURL = "https://github.com/square/Valet.git";
			requirement = {
                branch = "dfed--spm";
				kind = branch;
			};
		};
		3191817C22B2DE2F00BFEFBC /* XCRemoteSwiftPackageReference "Alamofire" */ = {
			isa = XCRemoteSwiftPackageReference;
			repositoryURL = "https://github.com/Alamofire/Alamofire.git";
			requirement = {
				branch = "feature/initial-combine-support";
				kind = branch;
			};
		};
/* End XCRemoteSwiftPackageReference section */

/* Begin XCSwiftPackageProductDependency section */
		3191817A22B2DDDB00BFEFBC /* Valet */ = {
			isa = XCSwiftPackageProductDependency;
			package = 3191817922B2DDDB00BFEFBC /* XCRemoteSwiftPackageReference "Valet" */;
			productName = Valet;
		};
		3191817D22B2DE2F00BFEFBC /* Alamofire */ = {
			isa = XCSwiftPackageProductDependency;
			package = 3191817C22B2DE2F00BFEFBC /* XCRemoteSwiftPackageReference "Alamofire" */;
			productName = Alamofire;
		};
/* End XCSwiftPackageProductDependency section */
	};
	rootObject = 3104E59722B2DAA3007679F7 /* Project object */;
}
