// !$*UTF8*$!
{
	archiveVersion = 1;
	classes = {
	};
	objectVersion = 46;
	objects = {

/* Begin PBXBuildFile section */
		312385351B3618AD000576CE /* AppDelegate.swift in Sources */ = {isa = PBXBuildFile; fileRef = 312385341B3618AD000576CE /* AppDelegate.swift */; };
		312385371B3618AD000576CE /* MasterViewController.swift in Sources */ = {isa = PBXBuildFile; fileRef = 312385361B3618AD000576CE /* MasterViewController.swift */; };
		312385391B3618AD000576CE /* DetailViewController.swift in Sources */ = {isa = PBXBuildFile; fileRef = 312385381B3618AD000576CE /* DetailViewController.swift */; };
		3123853C1B3618AD000576CE /* Main.storyboard in Resources */ = {isa = PBXBuildFile; fileRef = 3123853A1B3618AD000576CE /* Main.storyboard */; };
		3123853E1B3618AD000576CE /* Assets.xcassets in Resources */ = {isa = PBXBuildFile; fileRef = 3123853D1B3618AD000576CE /* Assets.xcassets */; };
		312385411B3618AD000576CE /* LaunchScreen.storyboard in Resources */ = {isa = PBXBuildFile; fileRef = 3123853F1B3618AD000576CE /* LaunchScreen.storyboard */; };
		316269431B37B6F90032E71D /* CloudFlareCommunicator.swift in Sources */ = {isa = PBXBuildFile; fileRef = 316269421B37B6F90032E71D /* CloudFlareCommunicator.swift */; };
		316C5BED1B900B8C00FD7C8F /* HazeLightTests.swift in Sources */ = {isa = PBXBuildFile; fileRef = 316C5BEC1B900B8C00FD7C8F /* HazeLightTests.swift */; };
		316C5BFB1B900B9500FD7C8F /* HazeLightUITests.swift in Sources */ = {isa = PBXBuildFile; fileRef = 316C5BFA1B900B9500FD7C8F /* HazeLightUITests.swift */; };
		3170D8321B8992D6009B0613 /* CloudFlareResponse.swift in Sources */ = {isa = PBXBuildFile; fileRef = 3170D8311B8992D6009B0613 /* CloudFlareResponse.swift */; };
		3170D8341B8994EB009B0613 /* CloudFlareError.swift in Sources */ = {isa = PBXBuildFile; fileRef = 3170D8331B8994EB009B0613 /* CloudFlareError.swift */; };
		3170D8361B899512009B0613 /* CloudFlareResponseError.swift in Sources */ = {isa = PBXBuildFile; fileRef = 3170D8351B899512009B0613 /* CloudFlareResponseError.swift */; };
		31A4BFC91B3630BE00B0BA22 /* CloudFlareRouter.swift in Sources */ = {isa = PBXBuildFile; fileRef = 31A4BFC81B3630BE00B0BA22 /* CloudFlareRouter.swift */; };
		31C00F561B8AA091005E49ED /* CloudFlareUser.swift in Sources */ = {isa = PBXBuildFile; fileRef = 31C00F551B8AA091005E49ED /* CloudFlareUser.swift */; };
		31C00F581B8AA5E7005E49ED /* CloudFlareResponseSerializer.swift in Sources */ = {isa = PBXBuildFile; fileRef = 31C00F571B8AA5E7005E49ED /* CloudFlareResponseSerializer.swift */; };
		C90678AC5AEF197940AE09B3 /* Pods_HazeLightUITests.framework in Frameworks */ = {isa = PBXBuildFile; fileRef = D41BB2E3E05549A5D1965F36 /* Pods_HazeLightUITests.framework */; settings = {ATTRIBUTES = (Weak, ); }; };
		D948B033858A99C8A64A8A3E /* Pods_HazeLightTests.framework in Frameworks */ = {isa = PBXBuildFile; fileRef = D2DB25F9415ACB3AEC22001D /* Pods_HazeLightTests.framework */; settings = {ATTRIBUTES = (Weak, ); }; };
		FE941F99C38029AB468880E9 /* Pods_HazeLight.framework in Frameworks */ = {isa = PBXBuildFile; fileRef = 86B7A5D05AE02C049076AD43 /* Pods_HazeLight.framework */; settings = {ATTRIBUTES = (Weak, ); }; };
/* End PBXBuildFile section */

/* Begin PBXContainerItemProxy section */
		316C5BEF1B900B8C00FD7C8F /* PBXContainerItemProxy */ = {
			isa = PBXContainerItemProxy;
			containerPortal = 312385291B3618AD000576CE /* Project object */;
			proxyType = 1;
			remoteGlobalIDString = 312385301B3618AD000576CE;
			remoteInfo = HazeLight;
		};
		316C5BFD1B900B9500FD7C8F /* PBXContainerItemProxy */ = {
			isa = PBXContainerItemProxy;
			containerPortal = 312385291B3618AD000576CE /* Project object */;
			proxyType = 1;
			remoteGlobalIDString = 312385301B3618AD000576CE;
			remoteInfo = HazeLight;
		};
/* End PBXContainerItemProxy section */

/* Begin PBXFileReference section */
		0A724A024CC27FEF8F6C37BB /* Pods-HazeLight.release.xcconfig */ = {isa = PBXFileReference; includeInIndex = 1; lastKnownFileType = text.xcconfig; name = "Pods-HazeLight.release.xcconfig"; path = "Pods/Target Support Files/Pods-HazeLight/Pods-HazeLight.release.xcconfig"; sourceTree = "<group>"; };
		229A24BCB9FA3E6C4770326C /* Pods-HazeLight.debug.xcconfig */ = {isa = PBXFileReference; includeInIndex = 1; lastKnownFileType = text.xcconfig; name = "Pods-HazeLight.debug.xcconfig"; path = "Pods/Target Support Files/Pods-HazeLight/Pods-HazeLight.debug.xcconfig"; sourceTree = "<group>"; };
		312385311B3618AD000576CE /* HazeLight.app */ = {isa = PBXFileReference; explicitFileType = wrapper.application; includeInIndex = 0; path = HazeLight.app; sourceTree = BUILT_PRODUCTS_DIR; };
		312385341B3618AD000576CE /* AppDelegate.swift */ = {isa = PBXFileReference; lastKnownFileType = sourcecode.swift; path = AppDelegate.swift; sourceTree = "<group>"; };
		312385361B3618AD000576CE /* MasterViewController.swift */ = {isa = PBXFileReference; lastKnownFileType = sourcecode.swift; path = MasterViewController.swift; sourceTree = "<group>"; };
		312385381B3618AD000576CE /* DetailViewController.swift */ = {isa = PBXFileReference; lastKnownFileType = sourcecode.swift; path = DetailViewController.swift; sourceTree = "<group>"; };
		3123853B1B3618AD000576CE /* Base */ = {isa = PBXFileReference; lastKnownFileType = file.storyboard; name = Base; path = Base.lproj/Main.storyboard; sourceTree = "<group>"; };
		3123853D1B3618AD000576CE /* Assets.xcassets */ = {isa = PBXFileReference; lastKnownFileType = folder.assetcatalog; path = Assets.xcassets; sourceTree = "<group>"; };
		312385401B3618AD000576CE /* Base */ = {isa = PBXFileReference; lastKnownFileType = file.storyboard; name = Base; path = Base.lproj/LaunchScreen.storyboard; sourceTree = "<group>"; };
		312385421B3618AD000576CE /* Info.plist */ = {isa = PBXFileReference; lastKnownFileType = text.plist.xml; path = Info.plist; sourceTree = "<group>"; };
		3123854B1B3618AD000576CE /* HazeLightTests.swift */ = {isa = PBXFileReference; lastKnownFileType = sourcecode.swift; path = HazeLightTests.swift; sourceTree = "<group>"; };
		3123854D1B3618AD000576CE /* Info.plist */ = {isa = PBXFileReference; lastKnownFileType = text.plist.xml; path = Info.plist; sourceTree = "<group>"; };
		312385561B3618AD000576CE /* HazeLightUITests.swift */ = {isa = PBXFileReference; lastKnownFileType = sourcecode.swift; path = HazeLightUITests.swift; sourceTree = "<group>"; };
		312385581B3618AD000576CE /* Info.plist */ = {isa = PBXFileReference; lastKnownFileType = text.plist.xml; path = Info.plist; sourceTree = "<group>"; };
		316269421B37B6F90032E71D /* CloudFlareCommunicator.swift */ = {isa = PBXFileReference; fileEncoding = 4; lastKnownFileType = sourcecode.swift; path = CloudFlareCommunicator.swift; sourceTree = "<group>"; };
		316C5BEA1B900B8C00FD7C8F /* HazeLightTests.xctest */ = {isa = PBXFileReference; explicitFileType = wrapper.cfbundle; includeInIndex = 0; path = HazeLightTests.xctest; sourceTree = BUILT_PRODUCTS_DIR; };
		316C5BEC1B900B8C00FD7C8F /* HazeLightTests.swift */ = {isa = PBXFileReference; lastKnownFileType = sourcecode.swift; path = HazeLightTests.swift; sourceTree = "<group>"; };
		316C5BEE1B900B8C00FD7C8F /* Info.plist */ = {isa = PBXFileReference; lastKnownFileType = text.plist.xml; path = Info.plist; sourceTree = "<group>"; };
		316C5BF81B900B9400FD7C8F /* HazeLightUITests.xctest */ = {isa = PBXFileReference; explicitFileType = wrapper.cfbundle; includeInIndex = 0; path = HazeLightUITests.xctest; sourceTree = BUILT_PRODUCTS_DIR; };
		316C5BFA1B900B9500FD7C8F /* HazeLightUITests.swift */ = {isa = PBXFileReference; lastKnownFileType = sourcecode.swift; path = HazeLightUITests.swift; sourceTree = "<group>"; };
		316C5BFC1B900B9500FD7C8F /* Info.plist */ = {isa = PBXFileReference; lastKnownFileType = text.plist.xml; path = Info.plist; sourceTree = "<group>"; };
		3170D8311B8992D6009B0613 /* CloudFlareResponse.swift */ = {isa = PBXFileReference; fileEncoding = 4; lastKnownFileType = sourcecode.swift; name = CloudFlareResponse.swift; path = CloudFlareAPI/Models/CloudFlareResponse.swift; sourceTree = "<group>"; };
		3170D8331B8994EB009B0613 /* CloudFlareError.swift */ = {isa = PBXFileReference; fileEncoding = 4; lastKnownFileType = sourcecode.swift; name = CloudFlareError.swift; path = CloudFlareAPI/Models/CloudFlareError.swift; sourceTree = "<group>"; };
		3170D8351B899512009B0613 /* CloudFlareResponseError.swift */ = {isa = PBXFileReference; fileEncoding = 4; lastKnownFileType = sourcecode.swift; name = CloudFlareResponseError.swift; path = CloudFlareAPI/Models/CloudFlareResponseError.swift; sourceTree = "<group>"; };
		31A4BFC81B3630BE00B0BA22 /* CloudFlareRouter.swift */ = {isa = PBXFileReference; fileEncoding = 4; lastKnownFileType = sourcecode.swift; path = CloudFlareRouter.swift; sourceTree = "<group>"; };
		31C00F551B8AA091005E49ED /* CloudFlareUser.swift */ = {isa = PBXFileReference; fileEncoding = 4; lastKnownFileType = sourcecode.swift; name = CloudFlareUser.swift; path = CloudFlareAPI/Models/CloudFlareUser.swift; sourceTree = "<group>"; };
		31C00F571B8AA5E7005E49ED /* CloudFlareResponseSerializer.swift */ = {isa = PBXFileReference; fileEncoding = 4; lastKnownFileType = sourcecode.swift; name = CloudFlareResponseSerializer.swift; path = CloudFlareAPI/CloudFlareResponseSerializer.swift; sourceTree = "<group>"; };
		3218C977EE400161FAD112A9 /* Pods-HazeLightUITests.debug.xcconfig */ = {isa = PBXFileReference; includeInIndex = 1; lastKnownFileType = text.xcconfig; name = "Pods-HazeLightUITests.debug.xcconfig"; path = "Pods/Target Support Files/Pods-HazeLightUITests/Pods-HazeLightUITests.debug.xcconfig"; sourceTree = "<group>"; };
		80DA011D4910B753BCB5C109 /* Pods-HazeLightUITests.release.xcconfig */ = {isa = PBXFileReference; includeInIndex = 1; lastKnownFileType = text.xcconfig; name = "Pods-HazeLightUITests.release.xcconfig"; path = "Pods/Target Support Files/Pods-HazeLightUITests/Pods-HazeLightUITests.release.xcconfig"; sourceTree = "<group>"; };
		86B7A5D05AE02C049076AD43 /* Pods_HazeLight.framework */ = {isa = PBXFileReference; explicitFileType = wrapper.framework; includeInIndex = 0; path = Pods_HazeLight.framework; sourceTree = BUILT_PRODUCTS_DIR; };
		951B321582E8FF626BA969EA /* Pods.framework */ = {isa = PBXFileReference; explicitFileType = wrapper.framework; includeInIndex = 0; path = Pods.framework; sourceTree = BUILT_PRODUCTS_DIR; };
		D2DB25F9415ACB3AEC22001D /* Pods_HazeLightTests.framework */ = {isa = PBXFileReference; explicitFileType = wrapper.framework; includeInIndex = 0; path = Pods_HazeLightTests.framework; sourceTree = BUILT_PRODUCTS_DIR; };
		D41BB2E3E05549A5D1965F36 /* Pods_HazeLightUITests.framework */ = {isa = PBXFileReference; explicitFileType = wrapper.framework; includeInIndex = 0; path = Pods_HazeLightUITests.framework; sourceTree = BUILT_PRODUCTS_DIR; };
		D827F24521A9ED93A057E7D8 /* Pods-HazeLightTests.debug.xcconfig */ = {isa = PBXFileReference; includeInIndex = 1; lastKnownFileType = text.xcconfig; name = "Pods-HazeLightTests.debug.xcconfig"; path = "Pods/Target Support Files/Pods-HazeLightTests/Pods-HazeLightTests.debug.xcconfig"; sourceTree = "<group>"; };
		DD7DB862E32300B524DDCDAF /* Pods-HazeLightTests.release.xcconfig */ = {isa = PBXFileReference; includeInIndex = 1; lastKnownFileType = text.xcconfig; name = "Pods-HazeLightTests.release.xcconfig"; path = "Pods/Target Support Files/Pods-HazeLightTests/Pods-HazeLightTests.release.xcconfig"; sourceTree = "<group>"; };
/* End PBXFileReference section */

/* Begin PBXFrameworksBuildPhase section */
		3123852E1B3618AD000576CE /* Frameworks */ = {
			isa = PBXFrameworksBuildPhase;
			buildActionMask = 2147483647;
			files = (
				FE941F99C38029AB468880E9 /* Pods_HazeLight.framework in Frameworks */,
			);
			runOnlyForDeploymentPostprocessing = 0;
		};
		316C5BE71B900B8C00FD7C8F /* Frameworks */ = {
			isa = PBXFrameworksBuildPhase;
			buildActionMask = 2147483647;
			files = (
				D948B033858A99C8A64A8A3E /* Pods_HazeLightTests.framework in Frameworks */,
			);
			runOnlyForDeploymentPostprocessing = 0;
		};
		316C5BF51B900B9400FD7C8F /* Frameworks */ = {
			isa = PBXFrameworksBuildPhase;
			buildActionMask = 2147483647;
			files = (
				C90678AC5AEF197940AE09B3 /* Pods_HazeLightUITests.framework in Frameworks */,
			);
			runOnlyForDeploymentPostprocessing = 0;
		};
/* End PBXFrameworksBuildPhase section */

/* Begin PBXGroup section */
		312385281B3618AD000576CE = {
			isa = PBXGroup;
			children = (
				312385331B3618AD000576CE /* HazeLight */,
				3123854A1B3618AD000576CE /* HazeLightTests */,
				312385551B3618AD000576CE /* HazeLightUITests */,
				316C5BEB1B900B8C00FD7C8F /* HazeLightTests */,
				316C5BF91B900B9500FD7C8F /* HazeLightUITests */,
				312385321B3618AD000576CE /* Products */,
				4B9AF1BF78CD67DA798B8759 /* Pods */,
				A32462110D2398496AC78E57 /* Frameworks */,
			);
			sourceTree = "<group>";
		};
		312385321B3618AD000576CE /* Products */ = {
			isa = PBXGroup;
			children = (
				312385311B3618AD000576CE /* HazeLight.app */,
				316C5BEA1B900B8C00FD7C8F /* HazeLightTests.xctest */,
				316C5BF81B900B9400FD7C8F /* HazeLightUITests.xctest */,
			);
			name = Products;
			sourceTree = "<group>";
		};
		312385331B3618AD000576CE /* HazeLight */ = {
			isa = PBXGroup;
			children = (
				31A4BFC71B3630A100B0BA22 /* CloudFlare API */,
				312385341B3618AD000576CE /* AppDelegate.swift */,
				312385361B3618AD000576CE /* MasterViewController.swift */,
				312385381B3618AD000576CE /* DetailViewController.swift */,
				3123853A1B3618AD000576CE /* Main.storyboard */,
				3123853D1B3618AD000576CE /* Assets.xcassets */,
				3123853F1B3618AD000576CE /* LaunchScreen.storyboard */,
				312385421B3618AD000576CE /* Info.plist */,
			);
			path = HazeLight;
			sourceTree = "<group>";
		};
		3123854A1B3618AD000576CE /* HazeLightTests */ = {
			isa = PBXGroup;
			children = (
				3123854B1B3618AD000576CE /* HazeLightTests.swift */,
				3123854D1B3618AD000576CE /* Info.plist */,
			);
			path = HazeLightTests;
			sourceTree = "<group>";
		};
		312385551B3618AD000576CE /* HazeLightUITests */ = {
			isa = PBXGroup;
			children = (
				312385561B3618AD000576CE /* HazeLightUITests.swift */,
				312385581B3618AD000576CE /* Info.plist */,
			);
			path = HazeLightUITests;
			sourceTree = "<group>";
		};
		316C5BEB1B900B8C00FD7C8F /* HazeLightTests */ = {
			isa = PBXGroup;
			children = (
				316C5BEC1B900B8C00FD7C8F /* HazeLightTests.swift */,
				316C5BEE1B900B8C00FD7C8F /* Info.plist */,
			);
			path = HazeLightTests;
			sourceTree = "<group>";
		};
		316C5BF91B900B9500FD7C8F /* HazeLightUITests */ = {
			isa = PBXGroup;
			children = (
				316C5BFA1B900B9500FD7C8F /* HazeLightUITests.swift */,
				316C5BFC1B900B9500FD7C8F /* Info.plist */,
			);
			path = HazeLightUITests;
			sourceTree = "<group>";
		};
		3170D8301B8992B6009B0613 /* Models */ = {
			isa = PBXGroup;
			children = (
				3170D8311B8992D6009B0613 /* CloudFlareResponse.swift */,
				3170D8331B8994EB009B0613 /* CloudFlareError.swift */,
				3170D8351B899512009B0613 /* CloudFlareResponseError.swift */,
				31C00F551B8AA091005E49ED /* CloudFlareUser.swift */,
			);
			name = Models;
			sourceTree = "<group>";
		};
		31A4BFC71B3630A100B0BA22 /* CloudFlare API */ = {
			isa = PBXGroup;
			children = (
				3170D8301B8992B6009B0613 /* Models */,
				31A4BFC81B3630BE00B0BA22 /* CloudFlareRouter.swift */,
				316269421B37B6F90032E71D /* CloudFlareCommunicator.swift */,
				31C00F571B8AA5E7005E49ED /* CloudFlareResponseSerializer.swift */,
			);
			name = "CloudFlare API";
			sourceTree = "<group>";
		};
		4B9AF1BF78CD67DA798B8759 /* Pods */ = {
			isa = PBXGroup;
			children = (
				229A24BCB9FA3E6C4770326C /* Pods-HazeLight.debug.xcconfig */,
				0A724A024CC27FEF8F6C37BB /* Pods-HazeLight.release.xcconfig */,
				D827F24521A9ED93A057E7D8 /* Pods-HazeLightTests.debug.xcconfig */,
				DD7DB862E32300B524DDCDAF /* Pods-HazeLightTests.release.xcconfig */,
				3218C977EE400161FAD112A9 /* Pods-HazeLightUITests.debug.xcconfig */,
				80DA011D4910B753BCB5C109 /* Pods-HazeLightUITests.release.xcconfig */,
			);
			name = Pods;
			sourceTree = "<group>";
		};
		A32462110D2398496AC78E57 /* Frameworks */ = {
			isa = PBXGroup;
			children = (
				951B321582E8FF626BA969EA /* Pods.framework */,
				86B7A5D05AE02C049076AD43 /* Pods_HazeLight.framework */,
				D2DB25F9415ACB3AEC22001D /* Pods_HazeLightTests.framework */,
				D41BB2E3E05549A5D1965F36 /* Pods_HazeLightUITests.framework */,
			);
			name = Frameworks;
			sourceTree = "<group>";
		};
/* End PBXGroup section */

/* Begin PBXNativeTarget section */
		312385301B3618AD000576CE /* HazeLight */ = {
			isa = PBXNativeTarget;
			buildConfigurationList = 3123855B1B3618AD000576CE /* Build configuration list for PBXNativeTarget "HazeLight" */;
			buildPhases = (
				6E8ABDD9E18848362CAF48BF /* Check Pods Manifest.lock */,
				3123852D1B3618AD000576CE /* Sources */,
				3123852E1B3618AD000576CE /* Frameworks */,
				3123852F1B3618AD000576CE /* Resources */,
				153873C7EAFE6E652841A3FD /* Embed Pods Frameworks */,
				4C39BFDDED81917F42B94921 /* Copy Pods Resources */,
			);
			buildRules = (
			);
			dependencies = (
			);
			name = HazeLight;
			productName = HazeLight;
			productReference = 312385311B3618AD000576CE /* HazeLight.app */;
			productType = "com.apple.product-type.application";
		};
		316C5BE91B900B8C00FD7C8F /* HazeLightTests */ = {
			isa = PBXNativeTarget;
			buildConfigurationList = 316C5BF11B900B8C00FD7C8F /* Build configuration list for PBXNativeTarget "HazeLightTests" */;
			buildPhases = (
				D86C7C76A593B951E04F72AB /* Check Pods Manifest.lock */,
				316C5BE61B900B8C00FD7C8F /* Sources */,
				316C5BE71B900B8C00FD7C8F /* Frameworks */,
				316C5BE81B900B8C00FD7C8F /* Resources */,
				FA9EDC489ED40693BC711569 /* Embed Pods Frameworks */,
				0A1BD37E9A29E373B7BF314F /* Copy Pods Resources */,
			);
			buildRules = (
			);
			dependencies = (
				316C5BF01B900B8C00FD7C8F /* PBXTargetDependency */,
			);
			name = HazeLightTests;
			productName = HazeLightTests;
			productReference = 316C5BEA1B900B8C00FD7C8F /* HazeLightTests.xctest */;
			productType = "com.apple.product-type.bundle.unit-test";
		};
		316C5BF71B900B9400FD7C8F /* HazeLightUITests */ = {
			isa = PBXNativeTarget;
			buildConfigurationList = 316C5BFF1B900B9500FD7C8F /* Build configuration list for PBXNativeTarget "HazeLightUITests" */;
			buildPhases = (
				6D169D9240A5D46EF64C9A55 /* Check Pods Manifest.lock */,
				316C5BF41B900B9400FD7C8F /* Sources */,
				316C5BF51B900B9400FD7C8F /* Frameworks */,
				316C5BF61B900B9400FD7C8F /* Resources */,
				B2763CFD801F0D9EC977DE53 /* Copy Pods Resources */,
			);
			buildRules = (
			);
			dependencies = (
				316C5BFE1B900B9500FD7C8F /* PBXTargetDependency */,
			);
			name = HazeLightUITests;
			productName = HazeLightUITests;
			productReference = 316C5BF81B900B9400FD7C8F /* HazeLightUITests.xctest */;
			productType = "com.apple.product-type.bundle.ui-testing";
		};
/* End PBXNativeTarget section */

/* Begin PBXProject section */
		312385291B3618AD000576CE /* Project object */ = {
			isa = PBXProject;
			attributes = {
				LastSwiftUpdateCheck = 0700;
				LastUpgradeCheck = 0700;
				ORGANIZATIONNAME = "Jon Shier";
				TargetAttributes = {
					312385301B3618AD000576CE = {
						CreatedOnToolsVersion = 7.0;
					};
					316C5BE91B900B8C00FD7C8F = {
						CreatedOnToolsVersion = 7.0;
						TestTargetID = 312385301B3618AD000576CE;
					};
					316C5BF71B900B9400FD7C8F = {
						CreatedOnToolsVersion = 7.0;
						TestTargetID = 312385301B3618AD000576CE;
					};
				};
			};
			buildConfigurationList = 3123852C1B3618AD000576CE /* Build configuration list for PBXProject "HazeLight" */;
			compatibilityVersion = "Xcode 3.2";
			developmentRegion = English;
			hasScannedForEncodings = 0;
			knownRegions = (
				en,
				Base,
			);
			mainGroup = 312385281B3618AD000576CE;
			productRefGroup = 312385321B3618AD000576CE /* Products */;
			projectDirPath = "";
			projectRoot = "";
			targets = (
				312385301B3618AD000576CE /* HazeLight */,
				316C5BE91B900B8C00FD7C8F /* HazeLightTests */,
				316C5BF71B900B9400FD7C8F /* HazeLightUITests */,
			);
		};
/* End PBXProject section */

/* Begin PBXResourcesBuildPhase section */
		3123852F1B3618AD000576CE /* Resources */ = {
			isa = PBXResourcesBuildPhase;
			buildActionMask = 2147483647;
			files = (
				312385411B3618AD000576CE /* LaunchScreen.storyboard in Resources */,
				3123853E1B3618AD000576CE /* Assets.xcassets in Resources */,
				3123853C1B3618AD000576CE /* Main.storyboard in Resources */,
			);
			runOnlyForDeploymentPostprocessing = 0;
		};
		316C5BE81B900B8C00FD7C8F /* Resources */ = {
			isa = PBXResourcesBuildPhase;
			buildActionMask = 2147483647;
			files = (
			);
			runOnlyForDeploymentPostprocessing = 0;
		};
		316C5BF61B900B9400FD7C8F /* Resources */ = {
			isa = PBXResourcesBuildPhase;
			buildActionMask = 2147483647;
			files = (
			);
			runOnlyForDeploymentPostprocessing = 0;
		};
/* End PBXResourcesBuildPhase section */

/* Begin PBXShellScriptBuildPhase section */
		0A1BD37E9A29E373B7BF314F /* Copy Pods Resources */ = {
			isa = PBXShellScriptBuildPhase;
			buildActionMask = 2147483647;
			files = (
			);
			inputPaths = (
			);
			name = "Copy Pods Resources";
			outputPaths = (
			);
			runOnlyForDeploymentPostprocessing = 0;
			shellPath = /bin/sh;
			shellScript = "\"${SRCROOT}/Pods/Target Support Files/Pods-HazeLightTests/Pods-HazeLightTests-resources.sh\"\n";
			showEnvVarsInLog = 0;
		};
		153873C7EAFE6E652841A3FD /* Embed Pods Frameworks */ = {
			isa = PBXShellScriptBuildPhase;
			buildActionMask = 2147483647;
			files = (
			);
			inputPaths = (
			);
			name = "Embed Pods Frameworks";
			outputPaths = (
			);
			runOnlyForDeploymentPostprocessing = 0;
			shellPath = /bin/sh;
			shellScript = "\"${SRCROOT}/Pods/Target Support Files/Pods-HazeLight/Pods-HazeLight-frameworks.sh\"\n";
			showEnvVarsInLog = 0;
		};
		4C39BFDDED81917F42B94921 /* Copy Pods Resources */ = {
			isa = PBXShellScriptBuildPhase;
			buildActionMask = 2147483647;
			files = (
			);
			inputPaths = (
			);
			name = "Copy Pods Resources";
			outputPaths = (
			);
			runOnlyForDeploymentPostprocessing = 0;
			shellPath = /bin/sh;
			shellScript = "\"${SRCROOT}/Pods/Target Support Files/Pods-HazeLight/Pods-HazeLight-resources.sh\"\n";
			showEnvVarsInLog = 0;
		};
		6D169D9240A5D46EF64C9A55 /* Check Pods Manifest.lock */ = {
			isa = PBXShellScriptBuildPhase;
			buildActionMask = 2147483647;
			files = (
			);
			inputPaths = (
			);
			name = "Check Pods Manifest.lock";
			outputPaths = (
			);
			runOnlyForDeploymentPostprocessing = 0;
			shellPath = /bin/sh;
			shellScript = "diff \"${PODS_ROOT}/../Podfile.lock\" \"${PODS_ROOT}/Manifest.lock\" > /dev/null\nif [[ $? != 0 ]] ; then\n    cat << EOM\nerror: The sandbox is not in sync with the Podfile.lock. Run 'pod install' or update your CocoaPods installation.\nEOM\n    exit 1\nfi\n";
			showEnvVarsInLog = 0;
		};
		6E8ABDD9E18848362CAF48BF /* Check Pods Manifest.lock */ = {
			isa = PBXShellScriptBuildPhase;
			buildActionMask = 2147483647;
			files = (
			);
			inputPaths = (
			);
			name = "Check Pods Manifest.lock";
			outputPaths = (
			);
			runOnlyForDeploymentPostprocessing = 0;
			shellPath = /bin/sh;
			shellScript = "diff \"${PODS_ROOT}/../Podfile.lock\" \"${PODS_ROOT}/Manifest.lock\" > /dev/null\nif [[ $? != 0 ]] ; then\n    cat << EOM\nerror: The sandbox is not in sync with the Podfile.lock. Run 'pod install' or update your CocoaPods installation.\nEOM\n    exit 1\nfi\n";
			showEnvVarsInLog = 0;
		};
		B2763CFD801F0D9EC977DE53 /* Copy Pods Resources */ = {
			isa = PBXShellScriptBuildPhase;
			buildActionMask = 2147483647;
			files = (
			);
			inputPaths = (
			);
			name = "Copy Pods Resources";
			outputPaths = (
			);
			runOnlyForDeploymentPostprocessing = 0;
			shellPath = /bin/sh;
			shellScript = "\"${SRCROOT}/Pods/Target Support Files/Pods-HazeLightUITests/Pods-HazeLightUITests-resources.sh\"\n";
			showEnvVarsInLog = 0;
		};
		D86C7C76A593B951E04F72AB /* Check Pods Manifest.lock */ = {
			isa = PBXShellScriptBuildPhase;
			buildActionMask = 2147483647;
			files = (
			);
			inputPaths = (
			);
			name = "Check Pods Manifest.lock";
			outputPaths = (
			);
			runOnlyForDeploymentPostprocessing = 0;
			shellPath = /bin/sh;
			shellScript = "diff \"${PODS_ROOT}/../Podfile.lock\" \"${PODS_ROOT}/Manifest.lock\" > /dev/null\nif [[ $? != 0 ]] ; then\n    cat << EOM\nerror: The sandbox is not in sync with the Podfile.lock. Run 'pod install' or update your CocoaPods installation.\nEOM\n    exit 1\nfi\n";
			showEnvVarsInLog = 0;
		};
		FA9EDC489ED40693BC711569 /* Embed Pods Frameworks */ = {
			isa = PBXShellScriptBuildPhase;
			buildActionMask = 2147483647;
			files = (
			);
			inputPaths = (
			);
			name = "Embed Pods Frameworks";
			outputPaths = (
			);
			runOnlyForDeploymentPostprocessing = 0;
			shellPath = /bin/sh;
			shellScript = "\"${SRCROOT}/Pods/Target Support Files/Pods-HazeLightTests/Pods-HazeLightTests-frameworks.sh\"\n";
			showEnvVarsInLog = 0;
		};
/* End PBXShellScriptBuildPhase section */

/* Begin PBXSourcesBuildPhase section */
		3123852D1B3618AD000576CE /* Sources */ = {
			isa = PBXSourcesBuildPhase;
			buildActionMask = 2147483647;
			files = (
				316269431B37B6F90032E71D /* CloudFlareCommunicator.swift in Sources */,
				3170D8321B8992D6009B0613 /* CloudFlareResponse.swift in Sources */,
				312385391B3618AD000576CE /* DetailViewController.swift in Sources */,
				312385371B3618AD000576CE /* MasterViewController.swift in Sources */,
				31C00F561B8AA091005E49ED /* CloudFlareUser.swift in Sources */,
				3170D8341B8994EB009B0613 /* CloudFlareError.swift in Sources */,
				3170D8361B899512009B0613 /* CloudFlareResponseError.swift in Sources */,
				312385351B3618AD000576CE /* AppDelegate.swift in Sources */,
				31A4BFC91B3630BE00B0BA22 /* CloudFlareRouter.swift in Sources */,
				31C00F581B8AA5E7005E49ED /* CloudFlareResponseSerializer.swift in Sources */,
			);
			runOnlyForDeploymentPostprocessing = 0;
		};
		316C5BE61B900B8C00FD7C8F /* Sources */ = {
			isa = PBXSourcesBuildPhase;
			buildActionMask = 2147483647;
			files = (
				316C5BED1B900B8C00FD7C8F /* HazeLightTests.swift in Sources */,
			);
			runOnlyForDeploymentPostprocessing = 0;
		};
		316C5BF41B900B9400FD7C8F /* Sources */ = {
			isa = PBXSourcesBuildPhase;
			buildActionMask = 2147483647;
			files = (
				316C5BFB1B900B9500FD7C8F /* HazeLightUITests.swift in Sources */,
			);
			runOnlyForDeploymentPostprocessing = 0;
		};
/* End PBXSourcesBuildPhase section */

/* Begin PBXTargetDependency section */
		316C5BF01B900B8C00FD7C8F /* PBXTargetDependency */ = {
			isa = PBXTargetDependency;
			target = 312385301B3618AD000576CE /* HazeLight */;
			targetProxy = 316C5BEF1B900B8C00FD7C8F /* PBXContainerItemProxy */;
		};
		316C5BFE1B900B9500FD7C8F /* PBXTargetDependency */ = {
			isa = PBXTargetDependency;
			target = 312385301B3618AD000576CE /* HazeLight */;
			targetProxy = 316C5BFD1B900B9500FD7C8F /* PBXContainerItemProxy */;
		};
/* End PBXTargetDependency section */

/* Begin PBXVariantGroup section */
		3123853A1B3618AD000576CE /* Main.storyboard */ = {
			isa = PBXVariantGroup;
			children = (
				3123853B1B3618AD000576CE /* Base */,
			);
			name = Main.storyboard;
			sourceTree = "<group>";
		};
		3123853F1B3618AD000576CE /* LaunchScreen.storyboard */ = {
			isa = PBXVariantGroup;
			children = (
				312385401B3618AD000576CE /* Base */,
			);
			name = LaunchScreen.storyboard;
			sourceTree = "<group>";
		};
/* End PBXVariantGroup section */

/* Begin XCBuildConfiguration section */
		312385591B3618AD000576CE /* Debug */ = {
			isa = XCBuildConfiguration;
			buildSettings = {
				ALWAYS_SEARCH_USER_PATHS = NO;
				CLANG_CXX_LANGUAGE_STANDARD = "gnu++0x";
				CLANG_CXX_LIBRARY = "libc++";
				CLANG_ENABLE_MODULES = YES;
				CLANG_ENABLE_OBJC_ARC = YES;
				CLANG_WARN_BOOL_CONVERSION = YES;
				CLANG_WARN_CONSTANT_CONVERSION = YES;
				CLANG_WARN_DIRECT_OBJC_ISA_USAGE = YES_ERROR;
				CLANG_WARN_EMPTY_BODY = YES;
				CLANG_WARN_ENUM_CONVERSION = YES;
				CLANG_WARN_INT_CONVERSION = YES;
				CLANG_WARN_OBJC_ROOT_CLASS = YES_ERROR;
				CLANG_WARN_UNREACHABLE_CODE = YES;
				CLANG_WARN__DUPLICATE_METHOD_MATCH = YES;
				"CODE_SIGN_IDENTITY[sdk=iphoneos*]" = "iPhone Developer";
				COPY_PHASE_STRIP = NO;
				DEBUG_INFORMATION_FORMAT = dwarf;
				ENABLE_STRICT_OBJC_MSGSEND = YES;
				ENABLE_TESTABILITY = YES;
				GCC_C_LANGUAGE_STANDARD = gnu99;
				GCC_DYNAMIC_NO_PIC = NO;
				GCC_NO_COMMON_BLOCKS = YES;
				GCC_OPTIMIZATION_LEVEL = 0;
				GCC_PREPROCESSOR_DEFINITIONS = (
					"DEBUG=1",
					"$(inherited)",
				);
				GCC_WARN_64_TO_32_BIT_CONVERSION = YES;
				GCC_WARN_ABOUT_RETURN_TYPE = YES_ERROR;
				GCC_WARN_UNDECLARED_SELECTOR = YES;
				GCC_WARN_UNINITIALIZED_AUTOS = YES_AGGRESSIVE;
				GCC_WARN_UNUSED_FUNCTION = YES;
				GCC_WARN_UNUSED_VARIABLE = YES;
				IPHONEOS_DEPLOYMENT_TARGET = 9.0;
				MTL_ENABLE_DEBUG_INFO = YES;
				ONLY_ACTIVE_ARCH = YES;
				SDKROOT = iphoneos;
				SWIFT_OPTIMIZATION_LEVEL = "-Onone";
				TARGETED_DEVICE_FAMILY = "1,2";
			};
			name = Debug;
		};
		3123855A1B3618AD000576CE /* Release */ = {
			isa = XCBuildConfiguration;
			buildSettings = {
				ALWAYS_SEARCH_USER_PATHS = NO;
				CLANG_CXX_LANGUAGE_STANDARD = "gnu++0x";
				CLANG_CXX_LIBRARY = "libc++";
				CLANG_ENABLE_MODULES = YES;
				CLANG_ENABLE_OBJC_ARC = YES;
				CLANG_WARN_BOOL_CONVERSION = YES;
				CLANG_WARN_CONSTANT_CONVERSION = YES;
				CLANG_WARN_DIRECT_OBJC_ISA_USAGE = YES_ERROR;
				CLANG_WARN_EMPTY_BODY = YES;
				CLANG_WARN_ENUM_CONVERSION = YES;
				CLANG_WARN_INT_CONVERSION = YES;
				CLANG_WARN_OBJC_ROOT_CLASS = YES_ERROR;
				CLANG_WARN_UNREACHABLE_CODE = YES;
				CLANG_WARN__DUPLICATE_METHOD_MATCH = YES;
				"CODE_SIGN_IDENTITY[sdk=iphoneos*]" = "iPhone Developer";
				COPY_PHASE_STRIP = NO;
				DEBUG_INFORMATION_FORMAT = "dwarf-with-dsym";
				ENABLE_NS_ASSERTIONS = NO;
				ENABLE_STRICT_OBJC_MSGSEND = YES;
				GCC_C_LANGUAGE_STANDARD = gnu99;
				GCC_NO_COMMON_BLOCKS = YES;
				GCC_WARN_64_TO_32_BIT_CONVERSION = YES;
				GCC_WARN_ABOUT_RETURN_TYPE = YES_ERROR;
				GCC_WARN_UNDECLARED_SELECTOR = YES;
				GCC_WARN_UNINITIALIZED_AUTOS = YES_AGGRESSIVE;
				GCC_WARN_UNUSED_FUNCTION = YES;
				GCC_WARN_UNUSED_VARIABLE = YES;
				IPHONEOS_DEPLOYMENT_TARGET = 9.0;
				MTL_ENABLE_DEBUG_INFO = NO;
				SDKROOT = iphoneos;
				TARGETED_DEVICE_FAMILY = "1,2";
				VALIDATE_PRODUCT = YES;
			};
			name = Release;
		};
		3123855C1B3618AD000576CE /* Debug */ = {
			isa = XCBuildConfiguration;
			baseConfigurationReference = 229A24BCB9FA3E6C4770326C /* Pods-HazeLight.debug.xcconfig */;
			buildSettings = {
				ASSETCATALOG_COMPILER_APPICON_NAME = AppIcon;
				CLANG_ENABLE_MODULES = YES;
				INFOPLIST_FILE = HazeLight/Info.plist;
				LD_RUNPATH_SEARCH_PATHS = "$(inherited) @executable_path/Frameworks";
				PRODUCT_BUNDLE_IDENTIFIER = com.jonshier.HazeLight;
				PRODUCT_NAME = "$(TARGET_NAME)";
				SWIFT_OPTIMIZATION_LEVEL = "-Onone";
			};
			name = Debug;
		};
		3123855D1B3618AD000576CE /* Release */ = {
			isa = XCBuildConfiguration;
			baseConfigurationReference = 0A724A024CC27FEF8F6C37BB /* Pods-HazeLight.release.xcconfig */;
			buildSettings = {
				ASSETCATALOG_COMPILER_APPICON_NAME = AppIcon;
				CLANG_ENABLE_MODULES = YES;
				INFOPLIST_FILE = HazeLight/Info.plist;
				LD_RUNPATH_SEARCH_PATHS = "$(inherited) @executable_path/Frameworks";
				PRODUCT_BUNDLE_IDENTIFIER = com.jonshier.HazeLight;
				PRODUCT_NAME = "$(TARGET_NAME)";
			};
			name = Release;
		};
		316C5BF21B900B8C00FD7C8F /* Debug */ = {
			isa = XCBuildConfiguration;
			baseConfigurationReference = D827F24521A9ED93A057E7D8 /* Pods-HazeLightTests.debug.xcconfig */;
			buildSettings = {
				BUNDLE_LOADER = "$(TEST_HOST)";
				INFOPLIST_FILE = HazeLightTests/Info.plist;
				LD_RUNPATH_SEARCH_PATHS = "$(inherited) @executable_path/Frameworks @loader_path/Frameworks";
				PRODUCT_BUNDLE_IDENTIFIER = com.jonshier.HazeLightTests;
				PRODUCT_NAME = "$(TARGET_NAME)";
				TEST_HOST = "$(BUILT_PRODUCTS_DIR)/HazeLight.app/HazeLight";
			};
			name = Debug;
		};
		316C5BF31B900B8C00FD7C8F /* Release */ = {
			isa = XCBuildConfiguration;
			baseConfigurationReference = DD7DB862E32300B524DDCDAF /* Pods-HazeLightTests.release.xcconfig */;
			buildSettings = {
				BUNDLE_LOADER = "$(TEST_HOST)";
				INFOPLIST_FILE = HazeLightTests/Info.plist;
				LD_RUNPATH_SEARCH_PATHS = "$(inherited) @executable_path/Frameworks @loader_path/Frameworks";
				PRODUCT_BUNDLE_IDENTIFIER = com.jonshier.HazeLightTests;
				PRODUCT_NAME = "$(TARGET_NAME)";
				TEST_HOST = "$(BUILT_PRODUCTS_DIR)/HazeLight.app/HazeLight";
			};
			name = Release;
		};
		316C5C001B900B9500FD7C8F /* Debug */ = {
			isa = XCBuildConfiguration;
			baseConfigurationReference = 3218C977EE400161FAD112A9 /* Pods-HazeLightUITests.debug.xcconfig */;
			buildSettings = {
				INFOPLIST_FILE = HazeLightUITests/Info.plist;
				LD_RUNPATH_SEARCH_PATHS = "$(inherited) @executable_path/Frameworks @loader_path/Frameworks";
				PRODUCT_BUNDLE_IDENTIFIER = com.jonshier.HazeLightUITests;
				PRODUCT_NAME = "$(TARGET_NAME)";
				TEST_TARGET_NAME = HazeLight;
				USES_XCTRUNNER = YES;
			};
			name = Debug;
		};
		316C5C011B900B9500FD7C8F /* Release */ = {
			isa = XCBuildConfiguration;
			baseConfigurationReference = 80DA011D4910B753BCB5C109 /* Pods-HazeLightUITests.release.xcconfig */;
			buildSettings = {
				INFOPLIST_FILE = HazeLightUITests/Info.plist;
				LD_RUNPATH_SEARCH_PATHS = "$(inherited) @executable_path/Frameworks @loader_path/Frameworks";
				PRODUCT_BUNDLE_IDENTIFIER = com.jonshier.HazeLightUITests;
				PRODUCT_NAME = "$(TARGET_NAME)";
				TEST_TARGET_NAME = HazeLight;
				USES_XCTRUNNER = YES;
			};
			name = Release;
		};
/* End XCBuildConfiguration section */

/* Begin XCConfigurationList section */
		3123852C1B3618AD000576CE /* Build configuration list for PBXProject "HazeLight" */ = {
			isa = XCConfigurationList;
			buildConfigurations = (
				312385591B3618AD000576CE /* Debug */,
				3123855A1B3618AD000576CE /* Release */,
			);
			defaultConfigurationIsVisible = 0;
			defaultConfigurationName = Release;
		};
		3123855B1B3618AD000576CE /* Build configuration list for PBXNativeTarget "HazeLight" */ = {
			isa = XCConfigurationList;
			buildConfigurations = (
				3123855C1B3618AD000576CE /* Debug */,
				3123855D1B3618AD000576CE /* Release */,
			);
			defaultConfigurationIsVisible = 0;
			defaultConfigurationName = Release;
		};
		316C5BF11B900B8C00FD7C8F /* Build configuration list for PBXNativeTarget "HazeLightTests" */ = {
			isa = XCConfigurationList;
			buildConfigurations = (
				316C5BF21B900B8C00FD7C8F /* Debug */,
				316C5BF31B900B8C00FD7C8F /* Release */,
			);
			defaultConfigurationIsVisible = 0;
			defaultConfigurationName = Release;
		};
		316C5BFF1B900B9500FD7C8F /* Build configuration list for PBXNativeTarget "HazeLightUITests" */ = {
			isa = XCConfigurationList;
			buildConfigurations = (
				316C5C001B900B9500FD7C8F /* Debug */,
				316C5C011B900B9500FD7C8F /* Release */,
			);
			defaultConfigurationIsVisible = 0;
			defaultConfigurationName = Release;
		};
/* End XCConfigurationList section */
	};
	rootObject = 312385291B3618AD000576CE /* Project object */;
}
